// !$*UTF8*$!
{
	archiveVersion = 1;
	classes = {
	};
	objectVersion = 55;
	objects = {

/* Begin PBXBuildFile section */
		9E0158A229FEF2EB009B6625 /* ServiceInformationView.swift in Sources */ = {isa = PBXBuildFile; fileRef = 9E0158A129FEF2EB009B6625 /* ServiceInformationView.swift */; };
		9E0158A429FEF327009B6625 /* NonInterchangeJourneyView.swift in Sources */ = {isa = PBXBuildFile; fileRef = 9E0158A329FEF327009B6625 /* NonInterchangeJourneyView.swift */; };
		9E0158A629FEF3EA009B6625 /* InterchangeJourneyView.swift in Sources */ = {isa = PBXBuildFile; fileRef = 9E0158A529FEF3EA009B6625 /* InterchangeJourneyView.swift */; };
		9E0158A829FEF680009B6625 /* RouteHelper.swift in Sources */ = {isa = PBXBuildFile; fileRef = 9E0158A729FEF680009B6625 /* RouteHelper.swift */; };
		9E0D174E29BE3A1F003F76FA /* Tram.swift in Sources */ = {isa = PBXBuildFile; fileRef = 9E34D1DE29B7C57800A7CB9A /* Tram.swift */; };
		9E19908C2A0039DC0059C45D /* ProcessedJourneyData.swift in Sources */ = {isa = PBXBuildFile; fileRef = 9E19908B2A0039DC0059C45D /* ProcessedJourneyData.swift */; };
		9E208FF9299ECD3F008F9168 /* LiveTramsMCRApp.swift in Sources */ = {isa = PBXBuildFile; fileRef = 9E208FF8299ECD3F008F9168 /* LiveTramsMCRApp.swift */; };
		9E208FFD299ECD43008F9168 /* Assets.xcassets in Resources */ = {isa = PBXBuildFile; fileRef = 9E208FFC299ECD43008F9168 /* Assets.xcassets */; };
		9E209000299ECD43008F9168 /* Preview Assets.xcassets in Resources */ = {isa = PBXBuildFile; fileRef = 9E208FFF299ECD43008F9168 /* Preview Assets.xcassets */; };
		9E209004299ECEF5008F9168 /* ServicesViewModel.swift in Sources */ = {isa = PBXBuildFile; fileRef = 9E957475281F483000A43574 /* ServicesViewModel.swift */; };
		9E209005299ECF2C008F9168 /* Stop.swift in Sources */ = {isa = PBXBuildFile; fileRef = 9EC2FB6428147BB500C08784 /* Stop.swift */; };
		9E209007299ECFAB008F9168 /* FormattedServices.swift in Sources */ = {isa = PBXBuildFile; fileRef = 9E7B1E9A2814B668007FA699 /* FormattedServices.swift */; };
		9E209008299ECFAF008F9168 /* StopRequest.swift in Sources */ = {isa = PBXBuildFile; fileRef = 9EC2FB6D2814982B00C08784 /* StopRequest.swift */; };
		9E20900E299ED017008F9168 /* ServicesRequest.swift in Sources */ = {isa = PBXBuildFile; fileRef = 9E7B1EA32814C3FA007FA699 /* ServicesRequest.swift */; };
		9E209010299ED033008F9168 /* ProcessedPlannedJourney.swift in Sources */ = {isa = PBXBuildFile; fileRef = 9EC47AC728FB28CE00A13EB8 /* ProcessedPlannedJourney.swift */; };
		9E209011299ED037008F9168 /* JourneyPlannerRequest.swift in Sources */ = {isa = PBXBuildFile; fileRef = 9EC2B19128F9A78600A810C5 /* JourneyPlannerRequest.swift */; };
		9E209012299ED039008F9168 /* PlannedJourney.swift in Sources */ = {isa = PBXBuildFile; fileRef = 9EC2B18E28F9A1B900A810C5 /* PlannedJourney.swift */; };
		9E209014299ED03F008F9168 /* Route.swift in Sources */ = {isa = PBXBuildFile; fileRef = 9E2A945F28F737B60096F7A9 /* Route.swift */; };
		9E28C8F329D8360300727F80 /* Assets.xcassets in Resources */ = {isa = PBXBuildFile; fileRef = 9E84E2A22812AAA600571ECA /* Assets.xcassets */; };
		9E29362F29B4B14600DF32CC /* SystemMediumView.swift in Sources */ = {isa = PBXBuildFile; fileRef = 9E29362E29B4B14600DF32CC /* SystemMediumView.swift */; };
		9E29363029B4B15000DF32CC /* SystemMediumView.swift in Sources */ = {isa = PBXBuildFile; fileRef = 9E29362E29B4B14600DF32CC /* SystemMediumView.swift */; };
		9E2A946028F737B60096F7A9 /* Route.swift in Sources */ = {isa = PBXBuildFile; fileRef = 9E2A945F28F737B60096F7A9 /* Route.swift */; };
		9E34D1D929B7BD5300A7CB9A /* StopViewModel.swift in Sources */ = {isa = PBXBuildFile; fileRef = 9E34D1D829B7BD5300A7CB9A /* StopViewModel.swift */; };
		9E34D1DF29B7C57800A7CB9A /* Tram.swift in Sources */ = {isa = PBXBuildFile; fileRef = 9E34D1DE29B7C57800A7CB9A /* Tram.swift */; };
		9E34D1E229B7C84300A7CB9A /* Tram.swift in Sources */ = {isa = PBXBuildFile; fileRef = 9E34D1DE29B7C57800A7CB9A /* Tram.swift */; };
		9E34D1E329B7C85C00A7CB9A /* Tram.swift in Sources */ = {isa = PBXBuildFile; fileRef = 9E34D1DE29B7C57800A7CB9A /* Tram.swift */; };
		9E3F2C0F2815609A00C863FF /* MapManager.swift in Sources */ = {isa = PBXBuildFile; fileRef = 9E3F2C0E2815609A00C863FF /* MapManager.swift */; };
		9E3F2C1228158A2D00C863FF /* NearPublicTransport.swift in Sources */ = {isa = PBXBuildFile; fileRef = 9E3F2C1128158A2D00C863FF /* NearPublicTransport.swift */; };
		9E449E4F29BE31CA00C6ED79 /* ServicesRequest.swift in Sources */ = {isa = PBXBuildFile; fileRef = 9E7B1EA32814C3FA007FA699 /* ServicesRequest.swift */; };
		9E449E5A29BE362900C6ED79 /* ServicesRequest.swift in Sources */ = {isa = PBXBuildFile; fileRef = 9E7B1EA32814C3FA007FA699 /* ServicesRequest.swift */; };
		9E449E5B29BE363D00C6ED79 /* FormattedServices.swift in Sources */ = {isa = PBXBuildFile; fileRef = 9E7B1E9A2814B668007FA699 /* FormattedServices.swift */; };
		9E449E5C29BE36B000C6ED79 /* FavouriteStopsStore.swift in Sources */ = {isa = PBXBuildFile; fileRef = 9EBC2B7C2822B70200CB5A86 /* FavouriteStopsStore.swift */; };
		9E49869E29EC7E0900CBCC34 /* RouteV2.swift in Sources */ = {isa = PBXBuildFile; fileRef = 9E49869D29EC7E0900CBCC34 /* RouteV2.swift */; };
		9E49869F29EC7E0900CBCC34 /* RouteV2.swift in Sources */ = {isa = PBXBuildFile; fileRef = 9E49869D29EC7E0900CBCC34 /* RouteV2.swift */; };
		9E4986A129EC7E2E00CBCC34 /* StopKeys.swift in Sources */ = {isa = PBXBuildFile; fileRef = 9E4986A029EC7E2E00CBCC34 /* StopKeys.swift */; };
		9E4986A229EC7E2E00CBCC34 /* StopKeys.swift in Sources */ = {isa = PBXBuildFile; fileRef = 9E4986A029EC7E2E00CBCC34 /* StopKeys.swift */; };
		9E4986A329EC7EE700CBCC34 /* RouteV2.swift in Sources */ = {isa = PBXBuildFile; fileRef = 9E49869D29EC7E0900CBCC34 /* RouteV2.swift */; };
		9E4986A429EC7EE700CBCC34 /* RouteV2.swift in Sources */ = {isa = PBXBuildFile; fileRef = 9E49869D29EC7E0900CBCC34 /* RouteV2.swift */; };
		9E4986A529EC827000CBCC34 /* StopKeys.swift in Sources */ = {isa = PBXBuildFile; fileRef = 9E4986A029EC7E2E00CBCC34 /* StopKeys.swift */; };
		9E4986A629EC827100CBCC34 /* StopKeys.swift in Sources */ = {isa = PBXBuildFile; fileRef = 9E4986A029EC7E2E00CBCC34 /* StopKeys.swift */; };
		9E4BBE462A264AE900469999 /* SimpleRouteV2.swift in Sources */ = {isa = PBXBuildFile; fileRef = 9E4BBE452A264AE900469999 /* SimpleRouteV2.swift */; };
		9E4BBE472A264BD200469999 /* SimpleRouteV2.swift in Sources */ = {isa = PBXBuildFile; fileRef = 9E4BBE452A264AE900469999 /* SimpleRouteV2.swift */; };
		9E4BBE482A264BD200469999 /* SimpleRouteV2.swift in Sources */ = {isa = PBXBuildFile; fileRef = 9E4BBE452A264AE900469999 /* SimpleRouteV2.swift */; };
		9E4BBE492A264BD300469999 /* SimpleRouteV2.swift in Sources */ = {isa = PBXBuildFile; fileRef = 9E4BBE452A264AE900469999 /* SimpleRouteV2.swift */; };
		9E4BBE4B2A264D3500469999 /* RouteV2Request.swift in Sources */ = {isa = PBXBuildFile; fileRef = 9E4BBE4A2A264D3500469999 /* RouteV2Request.swift */; };
		9E4BBE4D2A265BB700469999 /* DefaultMapView.swift in Sources */ = {isa = PBXBuildFile; fileRef = 9E4BBE4C2A265BB700469999 /* DefaultMapView.swift */; };
		9E68BC4829B0FD2500DAA02D /* WidgetKit.framework in Frameworks */ = {isa = PBXBuildFile; fileRef = 9E68BC1A29B0FCA800DAA02D /* WidgetKit.framework */; };
		9E68BC4929B0FD2500DAA02D /* SwiftUI.framework in Frameworks */ = {isa = PBXBuildFile; fileRef = 9E68BC1C29B0FCA800DAA02D /* SwiftUI.framework */; };
		9E68BC4C29B0FD2500DAA02D /* LiveTramTimesWidgetBundle.swift in Sources */ = {isa = PBXBuildFile; fileRef = 9E68BC4B29B0FD2500DAA02D /* LiveTramTimesWidgetBundle.swift */; };
		9E68BC4E29B0FD2500DAA02D /* LiveTramTimesWidget.swift in Sources */ = {isa = PBXBuildFile; fileRef = 9E68BC4D29B0FD2500DAA02D /* LiveTramTimesWidget.swift */; };
		9E68BC5029B0FD2600DAA02D /* Assets.xcassets in Resources */ = {isa = PBXBuildFile; fileRef = 9E68BC4F29B0FD2600DAA02D /* Assets.xcassets */; };
		9E68BC5429B0FD2600DAA02D /* LiveTramTimesWidgetExtension.appex in Embed Foundation Extensions */ = {isa = PBXBuildFile; fileRef = 9E68BC4729B0FD2500DAA02D /* LiveTramTimesWidgetExtension.appex */; settings = {ATTRIBUTES = (RemoveHeadersOnCopy, ); }; };
		9E68BC5829B0FE0D00DAA02D /* FormattedServices.swift in Sources */ = {isa = PBXBuildFile; fileRef = 9E7B1E9A2814B668007FA699 /* FormattedServices.swift */; };
		9E68BC5C29B13C6100DAA02D /* SystemSmallView.swift in Sources */ = {isa = PBXBuildFile; fileRef = 9E68BC5B29B13C6100DAA02D /* SystemSmallView.swift */; };
		9E68BC5D29B13C8500DAA02D /* SystemSmallView.swift in Sources */ = {isa = PBXBuildFile; fileRef = 9E68BC5B29B13C6100DAA02D /* SystemSmallView.swift */; };
		9E6B019D29B507830041A385 /* OrderedCollections in Frameworks */ = {isa = PBXBuildFile; productRef = 9E6B019C29B507830041A385 /* OrderedCollections */; };
		9E6B019F29B508220041A385 /* OrderedCollections in Frameworks */ = {isa = PBXBuildFile; productRef = 9E6B019E29B508220041A385 /* OrderedCollections */; };
		9E6B01A129B508290041A385 /* OrderedCollections in Frameworks */ = {isa = PBXBuildFile; productRef = 9E6B01A029B508290041A385 /* OrderedCollections */; };
		9E6B01A329B5082E0041A385 /* OrderedCollections in Frameworks */ = {isa = PBXBuildFile; productRef = 9E6B01A229B5082E0041A385 /* OrderedCollections */; };
		9E6B01A529B524AD0041A385 /* ServicesHelper.swift in Sources */ = {isa = PBXBuildFile; fileRef = 9E6B01A429B524AD0041A385 /* ServicesHelper.swift */; };
		9E6B01A629B524AD0041A385 /* ServicesHelper.swift in Sources */ = {isa = PBXBuildFile; fileRef = 9E6B01A429B524AD0041A385 /* ServicesHelper.swift */; };
		9E6B01A729B52B8B0041A385 /* ServicesHelper.swift in Sources */ = {isa = PBXBuildFile; fileRef = 9E6B01A429B524AD0041A385 /* ServicesHelper.swift */; };
		9E6B01A929B532690041A385 /* SystemLargeView.swift in Sources */ = {isa = PBXBuildFile; fileRef = 9E6B01A829B532690041A385 /* SystemLargeView.swift */; };
		9E6B01AB29B532690041A385 /* SystemLargeView.swift in Sources */ = {isa = PBXBuildFile; fileRef = 9E6B01A829B532690041A385 /* SystemLargeView.swift */; };
		9E6BEDC329B3F3CD007DB4E8 /* StopRequest.swift in Sources */ = {isa = PBXBuildFile; fileRef = 9EC2FB6D2814982B00C08784 /* StopRequest.swift */; };
		9E7B1E9B2814B668007FA699 /* FormattedServices.swift in Sources */ = {isa = PBXBuildFile; fileRef = 9E7B1E9A2814B668007FA699 /* FormattedServices.swift */; };
		9E7B1EA12814B7D3007FA699 /* ServicesView.swift in Sources */ = {isa = PBXBuildFile; fileRef = 9E7B1EA02814B7D3007FA699 /* ServicesView.swift */; };
		9E7B1EA42814C3FA007FA699 /* ServicesRequest.swift in Sources */ = {isa = PBXBuildFile; fileRef = 9E7B1EA32814C3FA007FA699 /* ServicesRequest.swift */; };
		9E84E2C82812AAA600571ECA /* LiveTramsMCR.xcdatamodeld in Sources */ = {isa = PBXBuildFile; fileRef = 9E84E29D2812AAA400571ECA /* LiveTramsMCR.xcdatamodeld */; };
		9E84E2CA2812AAA600571ECA /* LiveTramsMCR.swift in Sources */ = {isa = PBXBuildFile; fileRef = 9E84E29F2812AAA400571ECA /* LiveTramsMCR.swift */; };
		9E84E2CE2812AAA600571ECA /* Persistence.swift in Sources */ = {isa = PBXBuildFile; fileRef = 9E84E2A12812AAA400571ECA /* Persistence.swift */; };
		9E84E2D02812AAA600571ECA /* Assets.xcassets in Resources */ = {isa = PBXBuildFile; fileRef = 9E84E2A22812AAA600571ECA /* Assets.xcassets */; };
		9E84E2E12812AC6000571ECA /* Home.swift in Sources */ = {isa = PBXBuildFile; fileRef = 9E84E2E02812AC6000571ECA /* Home.swift */; };
		9E957476281F483100A43574 /* ServicesViewModel.swift in Sources */ = {isa = PBXBuildFile; fileRef = 9E957475281F483000A43574 /* ServicesViewModel.swift */; };
		9E964B5F29D896C000BB536A /* GetNextTramIntent.swift in Sources */ = {isa = PBXBuildFile; fileRef = 9E964B5E29D896C000BB536A /* GetNextTramIntent.swift */; };
		9E964B6129D8974F00BB536A /* LiveTramsMCRShortcuts.swift in Sources */ = {isa = PBXBuildFile; fileRef = 9E964B6029D8974F00BB536A /* LiveTramsMCRShortcuts.swift */; };
		9E964B6329D8A2AD00BB536A /* DepartureBoardServices.swift in Sources */ = {isa = PBXBuildFile; fileRef = 9E964B6229D8A2AD00BB536A /* DepartureBoardServices.swift */; };
		9E964B6429D8A3E300BB536A /* DepartureBoardServices.swift in Sources */ = {isa = PBXBuildFile; fileRef = 9E964B6229D8A2AD00BB536A /* DepartureBoardServices.swift */; };
		9E964B6529D8A3E400BB536A /* DepartureBoardServices.swift in Sources */ = {isa = PBXBuildFile; fileRef = 9E964B6229D8A2AD00BB536A /* DepartureBoardServices.swift */; };
		9E964B6629D8A3E400BB536A /* DepartureBoardServices.swift in Sources */ = {isa = PBXBuildFile; fileRef = 9E964B6229D8A2AD00BB536A /* DepartureBoardServices.swift */; };
		9E964B6729D8AC4700BB536A /* GetNextTramIntent.swift in Sources */ = {isa = PBXBuildFile; fileRef = 9E964B5E29D896C000BB536A /* GetNextTramIntent.swift */; };
		9E964B6829D8AC5600BB536A /* LiveTramsMCRShortcuts.swift in Sources */ = {isa = PBXBuildFile; fileRef = 9E964B6029D8974F00BB536A /* LiveTramsMCRShortcuts.swift */; };
		9EB4234429E08990004208B1 /* LocationManager.swift in Sources */ = {isa = PBXBuildFile; fileRef = 9EB4234329E08990004208B1 /* LocationManager.swift */; };
		9EB4234829E0AB45004208B1 /* LocationManager.swift in Sources */ = {isa = PBXBuildFile; fileRef = 9EB4234329E08990004208B1 /* LocationManager.swift */; };
		9EBC2B7D2822B70200CB5A86 /* FavouriteStopsStore.swift in Sources */ = {isa = PBXBuildFile; fileRef = 9EBC2B7C2822B70200CB5A86 /* FavouriteStopsStore.swift */; };
		9EC2B18C28F891CC00A810C5 /* JourneyPlanView.swift in Sources */ = {isa = PBXBuildFile; fileRef = 9EC2B18B28F891CC00A810C5 /* JourneyPlanView.swift */; };
		9EC2B18F28F9A1B900A810C5 /* PlannedJourney.swift in Sources */ = {isa = PBXBuildFile; fileRef = 9EC2B18E28F9A1B900A810C5 /* PlannedJourney.swift */; };
		9EC2B19228F9A78600A810C5 /* JourneyPlannerRequest.swift in Sources */ = {isa = PBXBuildFile; fileRef = 9EC2B19128F9A78600A810C5 /* JourneyPlannerRequest.swift */; };
		9EC2FB6528147BB500C08784 /* Stop.swift in Sources */ = {isa = PBXBuildFile; fileRef = 9EC2FB6428147BB500C08784 /* Stop.swift */; };
		9EC2FB6B2814852E00C08784 /* StopDetail.swift in Sources */ = {isa = PBXBuildFile; fileRef = 9EC2FB6A2814852E00C08784 /* StopDetail.swift */; };
		9EC2FB6E2814982B00C08784 /* StopRequest.swift in Sources */ = {isa = PBXBuildFile; fileRef = 9EC2FB6D2814982B00C08784 /* StopRequest.swift */; };
		9EC47AC828FB28CE00A13EB8 /* ProcessedPlannedJourney.swift in Sources */ = {isa = PBXBuildFile; fileRef = 9EC47AC728FB28CE00A13EB8 /* ProcessedPlannedJourney.swift */; };
		9ED1012E29AB9AF500B79B22 /* LiveTramsMCR Watch App.app in Embed Watch Content */ = {isa = PBXBuildFile; fileRef = 9E208FF6299ECD3F008F9168 /* LiveTramsMCR Watch App.app */; settings = {ATTRIBUTES = (RemoveHeadersOnCopy, ); }; };
		9EE1934D2A080569008EB2ED /* JourneyPlanViewDefault.swift in Sources */ = {isa = PBXBuildFile; fileRef = 9EE1934C2A080569008EB2ED /* JourneyPlanViewDefault.swift */; };
		9EE1934F2A080577008EB2ED /* JourneyPlanViewPad.swift in Sources */ = {isa = PBXBuildFile; fileRef = 9EE1934E2A080577008EB2ED /* JourneyPlanViewPad.swift */; };
		9EE3044229B3D072000F20A7 /* Intents.framework in Frameworks */ = {isa = PBXBuildFile; fileRef = 9E7BAF5C29B3C97800153732 /* Intents.framework */; };
		9EE3044529B3D072000F20A7 /* IntentHandler.swift in Sources */ = {isa = PBXBuildFile; fileRef = 9EE3044429B3D072000F20A7 /* IntentHandler.swift */; };
		9EE3044929B3D072000F20A7 /* LiveTramsIntentHandling.appex in Embed Foundation Extensions */ = {isa = PBXBuildFile; fileRef = 9EE3044129B3D072000F20A7 /* LiveTramsIntentHandling.appex */; settings = {ATTRIBUTES = (RemoveHeadersOnCopy, ); }; };
		9EE3044F29B3D08D000F20A7 /* LiveTramTimesIntent.intentdefinition in Sources */ = {isa = PBXBuildFile; fileRef = 9EE3044D29B3D08D000F20A7 /* LiveTramTimesIntent.intentdefinition */; };
		9EE3045029B3D0DE000F20A7 /* LiveTramTimesIntent.intentdefinition in Sources */ = {isa = PBXBuildFile; fileRef = 9EE3044D29B3D08D000F20A7 /* LiveTramTimesIntent.intentdefinition */; };
		9EE3045129B3D0E3000F20A7 /* LiveTramTimesIntent.intentdefinition in Sources */ = {isa = PBXBuildFile; fileRef = 9EE3044D29B3D08D000F20A7 /* LiveTramTimesIntent.intentdefinition */; };
		9EE3045329B3DDB3000F20A7 /* Stop.swift in Sources */ = {isa = PBXBuildFile; fileRef = 9EC2FB6428147BB500C08784 /* Stop.swift */; };
		9EE3045529B3E550000F20A7 /* Stop.swift in Sources */ = {isa = PBXBuildFile; fileRef = 9EC2FB6428147BB500C08784 /* Stop.swift */; };
		9EE694B629A2D55500C82599 /* JourneyPlanView.swift in Sources */ = {isa = PBXBuildFile; fileRef = 9EE694B529A2D55500C82599 /* JourneyPlanView.swift */; };
		9EE8F313299EE16C000DE425 /* ServicesView.swift in Sources */ = {isa = PBXBuildFile; fileRef = 9E7B1EA02814B7D3007FA699 /* ServicesView.swift */; };
		9EE8F316299EE1E5000DE425 /* MapManager-watchOS.swift in Sources */ = {isa = PBXBuildFile; fileRef = 9EE8F315299EE1E5000DE425 /* MapManager-watchOS.swift */; };
		9EE8F317299EE2D0000DE425 /* StopDetail.swift in Sources */ = {isa = PBXBuildFile; fileRef = 9EE8F310299EE0D6000DE425 /* StopDetail.swift */; };
		9EF27CC929F3E38900D194D6 /* MapView.swift in Sources */ = {isa = PBXBuildFile; fileRef = 9EF27CC829F3E38900D194D6 /* MapView.swift */; };
		9EF4B985299ED2D00054593E /* Home.swift in Sources */ = {isa = PBXBuildFile; fileRef = 9EF4B984299ED2D00054593E /* Home.swift */; };
/* End PBXBuildFile section */

/* Begin PBXContainerItemProxy section */
		9E68BC5229B0FD2600DAA02D /* PBXContainerItemProxy */ = {
			isa = PBXContainerItemProxy;
			containerPortal = 9E84E2982812AAA400571ECA /* Project object */;
			proxyType = 1;
			remoteGlobalIDString = 9E68BC4629B0FD2500DAA02D;
			remoteInfo = LiveTramTimesWidgetExtension;
		};
		9ED1012F29AB9AF500B79B22 /* PBXContainerItemProxy */ = {
			isa = PBXContainerItemProxy;
			containerPortal = 9E84E2982812AAA400571ECA /* Project object */;
			proxyType = 1;
			remoteGlobalIDString = 9E208FF5299ECD3F008F9168;
			remoteInfo = "LiveTramsMCR Watch App";
		};
		9EE3044729B3D072000F20A7 /* PBXContainerItemProxy */ = {
			isa = PBXContainerItemProxy;
			containerPortal = 9E84E2982812AAA400571ECA /* Project object */;
			proxyType = 1;
			remoteGlobalIDString = 9EE3044029B3D072000F20A7;
			remoteInfo = LiveTramsIntentHandling;
		};
/* End PBXContainerItemProxy section */

/* Begin PBXCopyFilesBuildPhase section */
		9E68BC2929B0FCAA00DAA02D /* Embed Foundation Extensions */ = {
			isa = PBXCopyFilesBuildPhase;
			buildActionMask = 2147483647;
			dstPath = "";
			dstSubfolderSpec = 13;
			files = (
				9E68BC5429B0FD2600DAA02D /* LiveTramTimesWidgetExtension.appex in Embed Foundation Extensions */,
				9EE3044929B3D072000F20A7 /* LiveTramsIntentHandling.appex in Embed Foundation Extensions */,
			);
			name = "Embed Foundation Extensions";
			runOnlyForDeploymentPostprocessing = 0;
		};
		9ED1013129AB9AF500B79B22 /* Embed Watch Content */ = {
			isa = PBXCopyFilesBuildPhase;
			buildActionMask = 2147483647;
			dstPath = "$(CONTENTS_FOLDER_PATH)/Watch";
			dstSubfolderSpec = 16;
			files = (
				9ED1012E29AB9AF500B79B22 /* LiveTramsMCR Watch App.app in Embed Watch Content */,
			);
			name = "Embed Watch Content";
			runOnlyForDeploymentPostprocessing = 0;
		};
/* End PBXCopyFilesBuildPhase section */

/* Begin PBXFileReference section */
		9E0158A129FEF2EB009B6625 /* ServiceInformationView.swift */ = {isa = PBXFileReference; lastKnownFileType = sourcecode.swift; path = ServiceInformationView.swift; sourceTree = "<group>"; };
		9E0158A329FEF327009B6625 /* NonInterchangeJourneyView.swift */ = {isa = PBXFileReference; lastKnownFileType = sourcecode.swift; path = NonInterchangeJourneyView.swift; sourceTree = "<group>"; };
		9E0158A529FEF3EA009B6625 /* InterchangeJourneyView.swift */ = {isa = PBXFileReference; lastKnownFileType = sourcecode.swift; path = InterchangeJourneyView.swift; sourceTree = "<group>"; };
		9E0158A729FEF680009B6625 /* RouteHelper.swift */ = {isa = PBXFileReference; lastKnownFileType = sourcecode.swift; path = RouteHelper.swift; sourceTree = "<group>"; };
		9E19908B2A0039DC0059C45D /* ProcessedJourneyData.swift */ = {isa = PBXFileReference; lastKnownFileType = sourcecode.swift; path = ProcessedJourneyData.swift; sourceTree = "<group>"; };
		9E208FF6299ECD3F008F9168 /* LiveTramsMCR Watch App.app */ = {isa = PBXFileReference; explicitFileType = wrapper.application; includeInIndex = 0; path = "LiveTramsMCR Watch App.app"; sourceTree = BUILT_PRODUCTS_DIR; };
		9E208FF8299ECD3F008F9168 /* LiveTramsMCRApp.swift */ = {isa = PBXFileReference; lastKnownFileType = sourcecode.swift; path = LiveTramsMCRApp.swift; sourceTree = "<group>"; };
		9E208FFC299ECD43008F9168 /* Assets.xcassets */ = {isa = PBXFileReference; lastKnownFileType = folder.assetcatalog; path = Assets.xcassets; sourceTree = "<group>"; };
		9E208FFF299ECD43008F9168 /* Preview Assets.xcassets */ = {isa = PBXFileReference; lastKnownFileType = folder.assetcatalog; path = "Preview Assets.xcassets"; sourceTree = "<group>"; };
		9E29362E29B4B14600DF32CC /* SystemMediumView.swift */ = {isa = PBXFileReference; lastKnownFileType = sourcecode.swift; path = SystemMediumView.swift; sourceTree = "<group>"; };
		9E2A945F28F737B60096F7A9 /* Route.swift */ = {isa = PBXFileReference; lastKnownFileType = sourcecode.swift; path = Route.swift; sourceTree = "<group>"; };
		9E34D1D829B7BD5300A7CB9A /* StopViewModel.swift */ = {isa = PBXFileReference; lastKnownFileType = sourcecode.swift; path = StopViewModel.swift; sourceTree = "<group>"; };
		9E34D1DE29B7C57800A7CB9A /* Tram.swift */ = {isa = PBXFileReference; fileEncoding = 4; lastKnownFileType = sourcecode.swift; path = Tram.swift; sourceTree = "<group>"; };
		9E3F2C0E2815609A00C863FF /* MapManager.swift */ = {isa = PBXFileReference; lastKnownFileType = sourcecode.swift; path = MapManager.swift; sourceTree = "<group>"; };
		9E3F2C1128158A2D00C863FF /* NearPublicTransport.swift */ = {isa = PBXFileReference; lastKnownFileType = sourcecode.swift; path = NearPublicTransport.swift; sourceTree = "<group>"; };
		9E49869D29EC7E0900CBCC34 /* RouteV2.swift */ = {isa = PBXFileReference; lastKnownFileType = sourcecode.swift; path = RouteV2.swift; sourceTree = "<group>"; };
		9E4986A029EC7E2E00CBCC34 /* StopKeys.swift */ = {isa = PBXFileReference; lastKnownFileType = sourcecode.swift; path = StopKeys.swift; sourceTree = "<group>"; };
		9E4BBE452A264AE900469999 /* SimpleRouteV2.swift */ = {isa = PBXFileReference; lastKnownFileType = sourcecode.swift; path = SimpleRouteV2.swift; sourceTree = "<group>"; };
		9E4BBE4A2A264D3500469999 /* RouteV2Request.swift */ = {isa = PBXFileReference; lastKnownFileType = sourcecode.swift; path = RouteV2Request.swift; sourceTree = "<group>"; };
		9E4BBE4C2A265BB700469999 /* DefaultMapView.swift */ = {isa = PBXFileReference; lastKnownFileType = sourcecode.swift; path = DefaultMapView.swift; sourceTree = "<group>"; };
		9E68BC1A29B0FCA800DAA02D /* WidgetKit.framework */ = {isa = PBXFileReference; lastKnownFileType = wrapper.framework; name = WidgetKit.framework; path = System/Library/Frameworks/WidgetKit.framework; sourceTree = SDKROOT; };
		9E68BC1C29B0FCA800DAA02D /* SwiftUI.framework */ = {isa = PBXFileReference; lastKnownFileType = wrapper.framework; name = SwiftUI.framework; path = System/Library/Frameworks/SwiftUI.framework; sourceTree = SDKROOT; };
		9E68BC4729B0FD2500DAA02D /* LiveTramTimesWidgetExtension.appex */ = {isa = PBXFileReference; explicitFileType = "wrapper.app-extension"; includeInIndex = 0; path = LiveTramTimesWidgetExtension.appex; sourceTree = BUILT_PRODUCTS_DIR; };
		9E68BC4B29B0FD2500DAA02D /* LiveTramTimesWidgetBundle.swift */ = {isa = PBXFileReference; lastKnownFileType = sourcecode.swift; path = LiveTramTimesWidgetBundle.swift; sourceTree = "<group>"; };
		9E68BC4D29B0FD2500DAA02D /* LiveTramTimesWidget.swift */ = {isa = PBXFileReference; lastKnownFileType = sourcecode.swift; path = LiveTramTimesWidget.swift; sourceTree = "<group>"; };
		9E68BC4F29B0FD2600DAA02D /* Assets.xcassets */ = {isa = PBXFileReference; lastKnownFileType = folder.assetcatalog; path = Assets.xcassets; sourceTree = "<group>"; };
		9E68BC5129B0FD2600DAA02D /* Info.plist */ = {isa = PBXFileReference; lastKnownFileType = text.plist.xml; path = Info.plist; sourceTree = "<group>"; };
		9E68BC5B29B13C6100DAA02D /* SystemSmallView.swift */ = {isa = PBXFileReference; lastKnownFileType = sourcecode.swift; path = SystemSmallView.swift; sourceTree = "<group>"; };
		9E68BC6229B1406700DAA02D /* LiveTramsMCR--iOS--Info.plist */ = {isa = PBXFileReference; lastKnownFileType = text.plist; path = "LiveTramsMCR--iOS--Info.plist"; sourceTree = "<group>"; };
		9E68BC6329B1406700DAA02D /* LiveTramsMCR-Watch-App-Info.plist */ = {isa = PBXFileReference; lastKnownFileType = text.plist; path = "LiveTramsMCR-Watch-App-Info.plist"; sourceTree = SOURCE_ROOT; };
		9E6B01A429B524AD0041A385 /* ServicesHelper.swift */ = {isa = PBXFileReference; lastKnownFileType = sourcecode.swift; path = ServicesHelper.swift; sourceTree = "<group>"; };
		9E6B01A829B532690041A385 /* SystemLargeView.swift */ = {isa = PBXFileReference; lastKnownFileType = sourcecode.swift; path = SystemLargeView.swift; sourceTree = "<group>"; };
		9E7B1E9A2814B668007FA699 /* FormattedServices.swift */ = {isa = PBXFileReference; lastKnownFileType = sourcecode.swift; name = FormattedServices.swift; path = Shared/Model/Services/FormattedServices.swift; sourceTree = SOURCE_ROOT; };
		9E7B1EA02814B7D3007FA699 /* ServicesView.swift */ = {isa = PBXFileReference; lastKnownFileType = sourcecode.swift; path = ServicesView.swift; sourceTree = "<group>"; };
		9E7B1EA32814C3FA007FA699 /* ServicesRequest.swift */ = {isa = PBXFileReference; lastKnownFileType = sourcecode.swift; path = ServicesRequest.swift; sourceTree = "<group>"; };
		9E7BAF5C29B3C97800153732 /* Intents.framework */ = {isa = PBXFileReference; lastKnownFileType = wrapper.framework; name = Intents.framework; path = System/Library/Frameworks/Intents.framework; sourceTree = SDKROOT; };
		9E7BAF6729B3C97900153732 /* IntentsUI.framework */ = {isa = PBXFileReference; lastKnownFileType = wrapper.framework; name = IntentsUI.framework; path = System/Library/Frameworks/IntentsUI.framework; sourceTree = SDKROOT; };
		9E84E29E2812AAA400571ECA /* Shared.xcdatamodel */ = {isa = PBXFileReference; lastKnownFileType = wrapper.xcdatamodel; path = Shared.xcdatamodel; sourceTree = "<group>"; };
		9E84E29F2812AAA400571ECA /* LiveTramsMCR.swift */ = {isa = PBXFileReference; lastKnownFileType = sourcecode.swift; path = LiveTramsMCR.swift; sourceTree = "<group>"; };
		9E84E2A12812AAA400571ECA /* Persistence.swift */ = {isa = PBXFileReference; lastKnownFileType = sourcecode.swift; path = Persistence.swift; sourceTree = "<group>"; };
		9E84E2A22812AAA600571ECA /* Assets.xcassets */ = {isa = PBXFileReference; lastKnownFileType = folder.assetcatalog; path = Assets.xcassets; sourceTree = "<group>"; };
		9E84E2A72812AAA600571ECA /* LiveTramsMCR.app */ = {isa = PBXFileReference; explicitFileType = wrapper.application; includeInIndex = 0; path = LiveTramsMCR.app; sourceTree = BUILT_PRODUCTS_DIR; };
		9E84E2AF2812AAA600571ECA /* macOS.entitlements */ = {isa = PBXFileReference; lastKnownFileType = text.plist.entitlements; path = macOS.entitlements; sourceTree = "<group>"; };
		9E84E2E02812AC6000571ECA /* Home.swift */ = {isa = PBXFileReference; fileEncoding = 4; lastKnownFileType = sourcecode.swift; path = Home.swift; sourceTree = "<group>"; };
		9E957475281F483000A43574 /* ServicesViewModel.swift */ = {isa = PBXFileReference; fileEncoding = 4; lastKnownFileType = sourcecode.swift; path = ServicesViewModel.swift; sourceTree = "<group>"; };
		9E964B5E29D896C000BB536A /* GetNextTramIntent.swift */ = {isa = PBXFileReference; lastKnownFileType = sourcecode.swift; path = GetNextTramIntent.swift; sourceTree = "<group>"; };
		9E964B6029D8974F00BB536A /* LiveTramsMCRShortcuts.swift */ = {isa = PBXFileReference; lastKnownFileType = sourcecode.swift; path = LiveTramsMCRShortcuts.swift; sourceTree = "<group>"; };
		9E964B6229D8A2AD00BB536A /* DepartureBoardServices.swift */ = {isa = PBXFileReference; lastKnownFileType = sourcecode.swift; path = DepartureBoardServices.swift; sourceTree = "<group>"; };
		9EB4234329E08990004208B1 /* LocationManager.swift */ = {isa = PBXFileReference; lastKnownFileType = sourcecode.swift; path = LocationManager.swift; sourceTree = "<group>"; };
		9EBC2B7C2822B70200CB5A86 /* FavouriteStopsStore.swift */ = {isa = PBXFileReference; lastKnownFileType = sourcecode.swift; path = FavouriteStopsStore.swift; sourceTree = "<group>"; };
		9EC2B18B28F891CC00A810C5 /* JourneyPlanView.swift */ = {isa = PBXFileReference; lastKnownFileType = sourcecode.swift; path = JourneyPlanView.swift; sourceTree = "<group>"; };
		9EC2B18E28F9A1B900A810C5 /* PlannedJourney.swift */ = {isa = PBXFileReference; lastKnownFileType = sourcecode.swift; path = PlannedJourney.swift; sourceTree = "<group>"; };
		9EC2B19128F9A78600A810C5 /* JourneyPlannerRequest.swift */ = {isa = PBXFileReference; lastKnownFileType = sourcecode.swift; path = JourneyPlannerRequest.swift; sourceTree = "<group>"; };
		9EC2FB6428147BB500C08784 /* Stop.swift */ = {isa = PBXFileReference; lastKnownFileType = sourcecode.swift; path = Stop.swift; sourceTree = "<group>"; };
		9EC2FB6A2814852E00C08784 /* StopDetail.swift */ = {isa = PBXFileReference; lastKnownFileType = sourcecode.swift; path = StopDetail.swift; sourceTree = "<group>"; };
		9EC2FB6D2814982B00C08784 /* StopRequest.swift */ = {isa = PBXFileReference; lastKnownFileType = sourcecode.swift; path = StopRequest.swift; sourceTree = "<group>"; };
		9EC47AC728FB28CE00A13EB8 /* ProcessedPlannedJourney.swift */ = {isa = PBXFileReference; lastKnownFileType = sourcecode.swift; path = ProcessedPlannedJourney.swift; sourceTree = "<group>"; };
		9EE1934C2A080569008EB2ED /* JourneyPlanViewDefault.swift */ = {isa = PBXFileReference; lastKnownFileType = sourcecode.swift; path = JourneyPlanViewDefault.swift; sourceTree = "<group>"; };
		9EE1934E2A080577008EB2ED /* JourneyPlanViewPad.swift */ = {isa = PBXFileReference; lastKnownFileType = sourcecode.swift; path = JourneyPlanViewPad.swift; sourceTree = "<group>"; };
		9EE3044129B3D072000F20A7 /* LiveTramsIntentHandling.appex */ = {isa = PBXFileReference; explicitFileType = "wrapper.app-extension"; includeInIndex = 0; path = LiveTramsIntentHandling.appex; sourceTree = BUILT_PRODUCTS_DIR; };
		9EE3044429B3D072000F20A7 /* IntentHandler.swift */ = {isa = PBXFileReference; lastKnownFileType = sourcecode.swift; path = IntentHandler.swift; sourceTree = "<group>"; };
		9EE3044629B3D072000F20A7 /* Info.plist */ = {isa = PBXFileReference; lastKnownFileType = text.plist.xml; path = Info.plist; sourceTree = "<group>"; };
		9EE3044D29B3D08D000F20A7 /* LiveTramTimesIntent.intentdefinition */ = {isa = PBXFileReference; lastKnownFileType = file.intentdefinition; path = LiveTramTimesIntent.intentdefinition; sourceTree = "<group>"; };
		9EE694B529A2D55500C82599 /* JourneyPlanView.swift */ = {isa = PBXFileReference; lastKnownFileType = sourcecode.swift; path = JourneyPlanView.swift; sourceTree = "<group>"; };
		9EE8F310299EE0D6000DE425 /* StopDetail.swift */ = {isa = PBXFileReference; lastKnownFileType = sourcecode.swift; path = StopDetail.swift; sourceTree = "<group>"; };
		9EE8F315299EE1E5000DE425 /* MapManager-watchOS.swift */ = {isa = PBXFileReference; lastKnownFileType = sourcecode.swift; path = "MapManager-watchOS.swift"; sourceTree = "<group>"; };
		9EF27CC829F3E38900D194D6 /* MapView.swift */ = {isa = PBXFileReference; lastKnownFileType = sourcecode.swift; path = MapView.swift; sourceTree = "<group>"; };
		9EF4B984299ED2D00054593E /* Home.swift */ = {isa = PBXFileReference; lastKnownFileType = sourcecode.swift; path = Home.swift; sourceTree = "<group>"; };
/* End PBXFileReference section */

/* Begin PBXFrameworksBuildPhase section */
		9E208FF3299ECD3F008F9168 /* Frameworks */ = {
			isa = PBXFrameworksBuildPhase;
			buildActionMask = 2147483647;
			files = (
				9E6B019F29B508220041A385 /* OrderedCollections in Frameworks */,
			);
			runOnlyForDeploymentPostprocessing = 0;
		};
		9E68BC4429B0FD2500DAA02D /* Frameworks */ = {
			isa = PBXFrameworksBuildPhase;
			buildActionMask = 2147483647;
			files = (
				9E68BC4929B0FD2500DAA02D /* SwiftUI.framework in Frameworks */,
				9E68BC4829B0FD2500DAA02D /* WidgetKit.framework in Frameworks */,
				9E6B01A129B508290041A385 /* OrderedCollections in Frameworks */,
			);
			runOnlyForDeploymentPostprocessing = 0;
		};
		9E84E2A42812AAA600571ECA /* Frameworks */ = {
			isa = PBXFrameworksBuildPhase;
			buildActionMask = 2147483647;
			files = (
				9E6B019D29B507830041A385 /* OrderedCollections in Frameworks */,
			);
			runOnlyForDeploymentPostprocessing = 0;
		};
		9EE3043E29B3D072000F20A7 /* Frameworks */ = {
			isa = PBXFrameworksBuildPhase;
			buildActionMask = 2147483647;
			files = (
				9E6B01A329B5082E0041A385 /* OrderedCollections in Frameworks */,
				9EE3044229B3D072000F20A7 /* Intents.framework in Frameworks */,
			);
			runOnlyForDeploymentPostprocessing = 0;
		};
/* End PBXFrameworksBuildPhase section */

/* Begin PBXGroup section */
		9E208FF7299ECD3F008F9168 /* LiveTramsMCR Watch App */ = {
			isa = PBXGroup;
			children = (
				9E68BC6329B1406700DAA02D /* LiveTramsMCR-Watch-App-Info.plist */,
				9EF4B984299ED2D00054593E /* Home.swift */,
				9E208FF8299ECD3F008F9168 /* LiveTramsMCRApp.swift */,
				9E208FFC299ECD43008F9168 /* Assets.xcassets */,
				9E208FFE299ECD43008F9168 /* Preview Content */,
				9EE8F310299EE0D6000DE425 /* StopDetail.swift */,
				9EE8F315299EE1E5000DE425 /* MapManager-watchOS.swift */,
				9EE694B529A2D55500C82599 /* JourneyPlanView.swift */,
			);
			path = "LiveTramsMCR Watch App";
			sourceTree = "<group>";
		};
		9E208FFE299ECD43008F9168 /* Preview Content */ = {
			isa = PBXGroup;
			children = (
				9E208FFF299ECD43008F9168 /* Preview Assets.xcassets */,
			);
			path = "Preview Content";
			sourceTree = "<group>";
		};
		9E34D1DD29B7C56C00A7CB9A /* Model */ = {
			isa = PBXGroup;
			children = (
				9E449E5529BE359200C6ED79 /* Persistence */,
				9E449E5429BE340300C6ED79 /* Maps */,
				9E449E5329BE33F800C6ED79 /* Routes */,
				9E449E5229BE335600C6ED79 /* Journeys */,
				9E449E5129BE32FD00C6ED79 /* Stops */,
				9E449E5029BE326400C6ED79 /* Services */,
				9E449E4E29BE31B800C6ED79 /* Requests */,
				9E449E4D29BE316C00C6ED79 /* Trams */,
			);
			path = Model;
			sourceTree = "<group>";
		};
		9E34D1E029B7C5A400A7CB9A /* Views */ = {
			isa = PBXGroup;
			children = (
				9E449E5929BE35C800C6ED79 /* Nearby */,
				9E449E5829BE35C000C6ED79 /* Journeys */,
				9E449E5729BE35B900C6ED79 /* Services */,
				9E449E5629BE35B200C6ED79 /* Stops */,
				9E84E2E02812AC6000571ECA /* Home.swift */,
			);
			path = Views;
			sourceTree = "<group>";
		};
		9E34D1E129B7C5AD00A7CB9A /* ViewModel */ = {
			isa = PBXGroup;
			children = (
				9E34D1D829B7BD5300A7CB9A /* StopViewModel.swift */,
				9E957475281F483000A43574 /* ServicesViewModel.swift */,
			);
			path = ViewModel;
			sourceTree = "<group>";
		};
		9E449E4D29BE316C00C6ED79 /* Trams */ = {
			isa = PBXGroup;
			children = (
				9E34D1DE29B7C57800A7CB9A /* Tram.swift */,
			);
			path = Trams;
			sourceTree = "<group>";
		};
		9E449E4E29BE31B800C6ED79 /* Requests */ = {
			isa = PBXGroup;
			children = (
				9EC2FB6D2814982B00C08784 /* StopRequest.swift */,
				9E7B1EA32814C3FA007FA699 /* ServicesRequest.swift */,
				9EC2B19128F9A78600A810C5 /* JourneyPlannerRequest.swift */,
				9E4BBE4A2A264D3500469999 /* RouteV2Request.swift */,
			);
			path = Requests;
			sourceTree = "<group>";
		};
		9E449E5029BE326400C6ED79 /* Services */ = {
			isa = PBXGroup;
			children = (
				9E6B01A429B524AD0041A385 /* ServicesHelper.swift */,
				9E7B1E9A2814B668007FA699 /* FormattedServices.swift */,
				9E964B6229D8A2AD00BB536A /* DepartureBoardServices.swift */,
			);
			path = Services;
			sourceTree = "<group>";
		};
		9E449E5129BE32FD00C6ED79 /* Stops */ = {
			isa = PBXGroup;
			children = (
				9EC2FB6428147BB500C08784 /* Stop.swift */,
				9E4986A029EC7E2E00CBCC34 /* StopKeys.swift */,
			);
			path = Stops;
			sourceTree = "<group>";
		};
		9E449E5229BE335600C6ED79 /* Journeys */ = {
			isa = PBXGroup;
			children = (
				9EC2B18E28F9A1B900A810C5 /* PlannedJourney.swift */,
				9EC47AC728FB28CE00A13EB8 /* ProcessedPlannedJourney.swift */,
			);
			path = Journeys;
			sourceTree = "<group>";
		};
		9E449E5329BE33F800C6ED79 /* Routes */ = {
			isa = PBXGroup;
			children = (
				9E2A945F28F737B60096F7A9 /* Route.swift */,
				9E49869D29EC7E0900CBCC34 /* RouteV2.swift */,
				9E4BBE452A264AE900469999 /* SimpleRouteV2.swift */,
			);
			path = Routes;
			sourceTree = "<group>";
		};
		9E449E5429BE340300C6ED79 /* Maps */ = {
			isa = PBXGroup;
			children = (
				9E3F2C0E2815609A00C863FF /* MapManager.swift */,
				9EB4234329E08990004208B1 /* LocationManager.swift */,
			);
			path = Maps;
			sourceTree = "<group>";
		};
		9E449E5529BE359200C6ED79 /* Persistence */ = {
			isa = PBXGroup;
			children = (
				9EBC2B7C2822B70200CB5A86 /* FavouriteStopsStore.swift */,
				9E84E2A12812AAA400571ECA /* Persistence.swift */,
			);
			path = Persistence;
			sourceTree = "<group>";
		};
		9E449E5629BE35B200C6ED79 /* Stops */ = {
			isa = PBXGroup;
			children = (
				9EC2FB6A2814852E00C08784 /* StopDetail.swift */,
			);
			path = Stops;
			sourceTree = "<group>";
		};
		9E449E5729BE35B900C6ED79 /* Services */ = {
			isa = PBXGroup;
			children = (
				9E7B1EA02814B7D3007FA699 /* ServicesView.swift */,
			);
			path = Services;
			sourceTree = "<group>";
		};
		9E449E5829BE35C000C6ED79 /* Journeys */ = {
			isa = PBXGroup;
			children = (
				9EC2B18B28F891CC00A810C5 /* JourneyPlanView.swift */,
				9EF27CC829F3E38900D194D6 /* MapView.swift */,
				9E0158A129FEF2EB009B6625 /* ServiceInformationView.swift */,
				9E0158A329FEF327009B6625 /* NonInterchangeJourneyView.swift */,
				9E0158A529FEF3EA009B6625 /* InterchangeJourneyView.swift */,
				9E0158A729FEF680009B6625 /* RouteHelper.swift */,
				9E19908B2A0039DC0059C45D /* ProcessedJourneyData.swift */,
				9EE1934C2A080569008EB2ED /* JourneyPlanViewDefault.swift */,
				9EE1934E2A080577008EB2ED /* JourneyPlanViewPad.swift */,
				9E4BBE4C2A265BB700469999 /* DefaultMapView.swift */,
			);
			path = Journeys;
			sourceTree = "<group>";
		};
		9E449E5929BE35C800C6ED79 /* Nearby */ = {
			isa = PBXGroup;
			children = (
				9E3F2C1128158A2D00C863FF /* NearPublicTransport.swift */,
			);
			path = Nearby;
			sourceTree = "<group>";
		};
		9E68BC4A29B0FD2500DAA02D /* LiveTramTimesWidget */ = {
			isa = PBXGroup;
			children = (
				9E68BC4B29B0FD2500DAA02D /* LiveTramTimesWidgetBundle.swift */,
				9E68BC4D29B0FD2500DAA02D /* LiveTramTimesWidget.swift */,
				9E68BC4F29B0FD2600DAA02D /* Assets.xcassets */,
				9E68BC5129B0FD2600DAA02D /* Info.plist */,
				9E68BC5B29B13C6100DAA02D /* SystemSmallView.swift */,
				9E29362E29B4B14600DF32CC /* SystemMediumView.swift */,
				9E6B01A829B532690041A385 /* SystemLargeView.swift */,
				9EE3044D29B3D08D000F20A7 /* LiveTramTimesIntent.intentdefinition */,
			);
			path = LiveTramTimesWidget;
			sourceTree = "<group>";
		};
		9E84E2972812AAA400571ECA = {
			isa = PBXGroup;
			children = (
				9E68BC6229B1406700DAA02D /* LiveTramsMCR--iOS--Info.plist */,
				9E84E29C2812AAA400571ECA /* Shared */,
				9E84E2AE2812AAA600571ECA /* macOS */,
				9E208FF7299ECD3F008F9168 /* LiveTramsMCR Watch App */,
				9E68BC4A29B0FD2500DAA02D /* LiveTramTimesWidget */,
				9EE3044329B3D072000F20A7 /* LiveTramsIntentHandling */,
				9E84E2A82812AAA600571ECA /* Products */,
				9ED1012D29AB9AF500B79B22 /* Frameworks */,
			);
			sourceTree = "<group>";
		};
		9E84E29C2812AAA400571ECA /* Shared */ = {
			isa = PBXGroup;
			children = (
				9E964B5D29D896AC00BB536A /* AppIntents */,
				9E34D1E129B7C5AD00A7CB9A /* ViewModel */,
				9E34D1E029B7C5A400A7CB9A /* Views */,
				9E34D1DD29B7C56C00A7CB9A /* Model */,
				9E84E29F2812AAA400571ECA /* LiveTramsMCR.swift */,
				9E84E2A22812AAA600571ECA /* Assets.xcassets */,
				9E84E29D2812AAA400571ECA /* LiveTramsMCR.xcdatamodeld */,
			);
			path = Shared;
			sourceTree = "<group>";
		};
		9E84E2A82812AAA600571ECA /* Products */ = {
			isa = PBXGroup;
			children = (
				9E84E2A72812AAA600571ECA /* LiveTramsMCR.app */,
				9E208FF6299ECD3F008F9168 /* LiveTramsMCR Watch App.app */,
				9E68BC4729B0FD2500DAA02D /* LiveTramTimesWidgetExtension.appex */,
				9EE3044129B3D072000F20A7 /* LiveTramsIntentHandling.appex */,
			);
			name = Products;
			sourceTree = "<group>";
		};
		9E84E2AE2812AAA600571ECA /* macOS */ = {
			isa = PBXGroup;
			children = (
				9E84E2AF2812AAA600571ECA /* macOS.entitlements */,
			);
			path = macOS;
			sourceTree = "<group>";
		};
		9E964B5D29D896AC00BB536A /* AppIntents */ = {
			isa = PBXGroup;
			children = (
				9E964B5E29D896C000BB536A /* GetNextTramIntent.swift */,
				9E964B6029D8974F00BB536A /* LiveTramsMCRShortcuts.swift */,
			);
			path = AppIntents;
			sourceTree = "<group>";
		};
		9ED1012D29AB9AF500B79B22 /* Frameworks */ = {
			isa = PBXGroup;
			children = (
				9E68BC1A29B0FCA800DAA02D /* WidgetKit.framework */,
				9E68BC1C29B0FCA800DAA02D /* SwiftUI.framework */,
				9E7BAF5C29B3C97800153732 /* Intents.framework */,
				9E7BAF6729B3C97900153732 /* IntentsUI.framework */,
			);
			name = Frameworks;
			sourceTree = "<group>";
		};
		9EE3044329B3D072000F20A7 /* LiveTramsIntentHandling */ = {
			isa = PBXGroup;
			children = (
				9EE3044429B3D072000F20A7 /* IntentHandler.swift */,
				9EE3044629B3D072000F20A7 /* Info.plist */,
			);
			path = LiveTramsIntentHandling;
			sourceTree = "<group>";
		};
/* End PBXGroup section */

/* Begin PBXNativeTarget section */
		9E208FF5299ECD3F008F9168 /* LiveTramsMCR Watch App */ = {
			isa = PBXNativeTarget;
			buildConfigurationList = 9E209003299ECD43008F9168 /* Build configuration list for PBXNativeTarget "LiveTramsMCR Watch App" */;
			buildPhases = (
				9E208FF2299ECD3F008F9168 /* Sources */,
				9E208FF3299ECD3F008F9168 /* Frameworks */,
				9E208FF4299ECD3F008F9168 /* Resources */,
			);
			buildRules = (
			);
			dependencies = (
			);
			name = "LiveTramsMCR Watch App";
			packageProductDependencies = (
				9E6B019E29B508220041A385 /* OrderedCollections */,
			);
			productName = "LiveTramsMCR Watch App";
			productReference = 9E208FF6299ECD3F008F9168 /* LiveTramsMCR Watch App.app */;
			productType = "com.apple.product-type.application";
		};
		9E68BC4629B0FD2500DAA02D /* LiveTramTimesWidgetExtension */ = {
			isa = PBXNativeTarget;
			buildConfigurationList = 9E68BC5529B0FD2600DAA02D /* Build configuration list for PBXNativeTarget "LiveTramTimesWidgetExtension" */;
			buildPhases = (
				9E68BC4329B0FD2500DAA02D /* Sources */,
				9E68BC4429B0FD2500DAA02D /* Frameworks */,
				9E68BC4529B0FD2500DAA02D /* Resources */,
			);
			buildRules = (
			);
			dependencies = (
			);
			name = LiveTramTimesWidgetExtension;
			packageProductDependencies = (
				9E6B01A029B508290041A385 /* OrderedCollections */,
			);
			productName = LiveTramTimesWidgetExtension;
			productReference = 9E68BC4729B0FD2500DAA02D /* LiveTramTimesWidgetExtension.appex */;
			productType = "com.apple.product-type.app-extension";
		};
		9E84E2A62812AAA600571ECA /* LiveTramsMCR (iOS) */ = {
			isa = PBXNativeTarget;
			buildConfigurationList = 9E84E2D42812AAA600571ECA /* Build configuration list for PBXNativeTarget "LiveTramsMCR (iOS)" */;
			buildPhases = (
				9E84E2A32812AAA600571ECA /* Sources */,
				9E84E2A42812AAA600571ECA /* Frameworks */,
				9E84E2A52812AAA600571ECA /* Resources */,
				9ED1013129AB9AF500B79B22 /* Embed Watch Content */,
				9E68BC2929B0FCAA00DAA02D /* Embed Foundation Extensions */,
			);
			buildRules = (
			);
			dependencies = (
				9ED1013029AB9AF500B79B22 /* PBXTargetDependency */,
				9E68BC5329B0FD2600DAA02D /* PBXTargetDependency */,
				9EE3044829B3D072000F20A7 /* PBXTargetDependency */,
			);
			name = "LiveTramsMCR (iOS)";
			packageProductDependencies = (
				9E6B019C29B507830041A385 /* OrderedCollections */,
			);
			productName = "TfGM-API-Wrapper-iOS (iOS)";
			productReference = 9E84E2A72812AAA600571ECA /* LiveTramsMCR.app */;
			productType = "com.apple.product-type.application";
		};
		9EE3044029B3D072000F20A7 /* LiveTramsIntentHandling */ = {
			isa = PBXNativeTarget;
			buildConfigurationList = 9EE3044A29B3D072000F20A7 /* Build configuration list for PBXNativeTarget "LiveTramsIntentHandling" */;
			buildPhases = (
				9EE3043D29B3D072000F20A7 /* Sources */,
				9EE3043E29B3D072000F20A7 /* Frameworks */,
				9EE3043F29B3D072000F20A7 /* Resources */,
			);
			buildRules = (
			);
			dependencies = (
			);
			name = LiveTramsIntentHandling;
			packageProductDependencies = (
				9E6B01A229B5082E0041A385 /* OrderedCollections */,
			);
			productName = LiveTramsIntentHandling;
			productReference = 9EE3044129B3D072000F20A7 /* LiveTramsIntentHandling.appex */;
			productType = "com.apple.product-type.app-extension";
		};
/* End PBXNativeTarget section */

/* Begin PBXProject section */
		9E84E2982812AAA400571ECA /* Project object */ = {
			isa = PBXProject;
			attributes = {
				BuildIndependentTargetsInParallel = 1;
				LastSwiftUpdateCheck = 1420;
				LastUpgradeCheck = 1400;
				TargetAttributes = {
					9E208FF5299ECD3F008F9168 = {
						CreatedOnToolsVersion = 14.2;
					};
					9E68BC4629B0FD2500DAA02D = {
						CreatedOnToolsVersion = 14.2;
					};
					9E84E2A62812AAA600571ECA = {
						CreatedOnToolsVersion = 13.2.1;
					};
					9EE3044029B3D072000F20A7 = {
						CreatedOnToolsVersion = 14.2;
					};
				};
			};
			buildConfigurationList = 9E84E29B2812AAA400571ECA /* Build configuration list for PBXProject "LiveTramsMCR" */;
			compatibilityVersion = "Xcode 13.0";
			developmentRegion = en;
			hasScannedForEncodings = 0;
			knownRegions = (
				en,
				Base,
			);
			mainGroup = 9E84E2972812AAA400571ECA;
			packageReferences = (
				9E6B019B29B507830041A385 /* XCRemoteSwiftPackageReference "swift-collections" */,
			);
			productRefGroup = 9E84E2A82812AAA600571ECA /* Products */;
			projectDirPath = "";
			projectRoot = "";
			targets = (
				9E84E2A62812AAA600571ECA /* LiveTramsMCR (iOS) */,
				9E208FF5299ECD3F008F9168 /* LiveTramsMCR Watch App */,
				9E68BC4629B0FD2500DAA02D /* LiveTramTimesWidgetExtension */,
				9EE3044029B3D072000F20A7 /* LiveTramsIntentHandling */,
			);
		};
/* End PBXProject section */

/* Begin PBXResourcesBuildPhase section */
		9E208FF4299ECD3F008F9168 /* Resources */ = {
			isa = PBXResourcesBuildPhase;
			buildActionMask = 2147483647;
			files = (
				9E209000299ECD43008F9168 /* Preview Assets.xcassets in Resources */,
				9E208FFD299ECD43008F9168 /* Assets.xcassets in Resources */,
			);
			runOnlyForDeploymentPostprocessing = 0;
		};
		9E68BC4529B0FD2500DAA02D /* Resources */ = {
			isa = PBXResourcesBuildPhase;
			buildActionMask = 2147483647;
			files = (
				9E28C8F329D8360300727F80 /* Assets.xcassets in Resources */,
				9E68BC5029B0FD2600DAA02D /* Assets.xcassets in Resources */,
			);
			runOnlyForDeploymentPostprocessing = 0;
		};
		9E84E2A52812AAA600571ECA /* Resources */ = {
			isa = PBXResourcesBuildPhase;
			buildActionMask = 2147483647;
			files = (
				9E84E2D02812AAA600571ECA /* Assets.xcassets in Resources */,
			);
			runOnlyForDeploymentPostprocessing = 0;
		};
		9EE3043F29B3D072000F20A7 /* Resources */ = {
			isa = PBXResourcesBuildPhase;
			buildActionMask = 2147483647;
			files = (
			);
			runOnlyForDeploymentPostprocessing = 0;
		};
/* End PBXResourcesBuildPhase section */

/* Begin PBXSourcesBuildPhase section */
		9E208FF2299ECD3F008F9168 /* Sources */ = {
			isa = PBXSourcesBuildPhase;
			buildActionMask = 2147483647;
			files = (
				9EE694B629A2D55500C82599 /* JourneyPlanView.swift in Sources */,
				9E449E5C29BE36B000C6ED79 /* FavouriteStopsStore.swift in Sources */,
				9E964B6829D8AC5600BB536A /* LiveTramsMCRShortcuts.swift in Sources */,
				9E209010299ED033008F9168 /* ProcessedPlannedJourney.swift in Sources */,
				9E964B6729D8AC4700BB536A /* GetNextTramIntent.swift in Sources */,
				9E20900E299ED017008F9168 /* ServicesRequest.swift in Sources */,
				9E34D1E229B7C84300A7CB9A /* Tram.swift in Sources */,
				9E208FF9299ECD3F008F9168 /* LiveTramsMCRApp.swift in Sources */,
				9E209011299ED037008F9168 /* JourneyPlannerRequest.swift in Sources */,
				9E209007299ECFAB008F9168 /* FormattedServices.swift in Sources */,
				9E6B01A629B524AD0041A385 /* ServicesHelper.swift in Sources */,
				9E4986A229EC7E2E00CBCC34 /* StopKeys.swift in Sources */,
				9E209014299ED03F008F9168 /* Route.swift in Sources */,
				9EE8F316299EE1E5000DE425 /* MapManager-watchOS.swift in Sources */,
				9EF4B985299ED2D00054593E /* Home.swift in Sources */,
				9EE8F313299EE16C000DE425 /* ServicesView.swift in Sources */,
				9E4BBE472A264BD200469999 /* SimpleRouteV2.swift in Sources */,
				9E209004299ECEF5008F9168 /* ServicesViewModel.swift in Sources */,
				9E209005299ECF2C008F9168 /* Stop.swift in Sources */,
				9EE8F317299EE2D0000DE425 /* StopDetail.swift in Sources */,
				9EB4234829E0AB45004208B1 /* LocationManager.swift in Sources */,
				9E209012299ED039008F9168 /* PlannedJourney.swift in Sources */,
				9E209008299ECFAF008F9168 /* StopRequest.swift in Sources */,
				9E49869F29EC7E0900CBCC34 /* RouteV2.swift in Sources */,
				9E964B6429D8A3E300BB536A /* DepartureBoardServices.swift in Sources */,
			);
			runOnlyForDeploymentPostprocessing = 0;
		};
		9E68BC4329B0FD2500DAA02D /* Sources */ = {
			isa = PBXSourcesBuildPhase;
			buildActionMask = 2147483647;
			files = (
				9E68BC4E29B0FD2500DAA02D /* LiveTramTimesWidget.swift in Sources */,
				9E4BBE482A264BD200469999 /* SimpleRouteV2.swift in Sources */,
				9E29362F29B4B14600DF32CC /* SystemMediumView.swift in Sources */,
				9E449E5A29BE362900C6ED79 /* ServicesRequest.swift in Sources */,
				9E964B6529D8A3E400BB536A /* DepartureBoardServices.swift in Sources */,
				9EE3045529B3E550000F20A7 /* Stop.swift in Sources */,
				9E68BC5829B0FE0D00DAA02D /* FormattedServices.swift in Sources */,
				9E6B01A729B52B8B0041A385 /* ServicesHelper.swift in Sources */,
				9E68BC5D29B13C8500DAA02D /* SystemSmallView.swift in Sources */,
				9E68BC4C29B0FD2500DAA02D /* LiveTramTimesWidgetBundle.swift in Sources */,
				9E4986A329EC7EE700CBCC34 /* RouteV2.swift in Sources */,
				9E6B01AB29B532690041A385 /* SystemLargeView.swift in Sources */,
				9E34D1E329B7C85C00A7CB9A /* Tram.swift in Sources */,
				9EE3044F29B3D08D000F20A7 /* LiveTramTimesIntent.intentdefinition in Sources */,
				9E4986A529EC827000CBCC34 /* StopKeys.swift in Sources */,
			);
			runOnlyForDeploymentPostprocessing = 0;
		};
		9E84E2A32812AAA600571ECA /* Sources */ = {
			isa = PBXSourcesBuildPhase;
			buildActionMask = 2147483647;
			files = (
				9E34D1DF29B7C57800A7CB9A /* Tram.swift in Sources */,
				9EC47AC828FB28CE00A13EB8 /* ProcessedPlannedJourney.swift in Sources */,
				9EB4234429E08990004208B1 /* LocationManager.swift in Sources */,
				9EC2B18C28F891CC00A810C5 /* JourneyPlanView.swift in Sources */,
				9E34D1D929B7BD5300A7CB9A /* StopViewModel.swift in Sources */,
				9E3F2C1228158A2D00C863FF /* NearPublicTransport.swift in Sources */,
				9E84E2CA2812AAA600571ECA /* LiveTramsMCR.swift in Sources */,
				9E964B6329D8A2AD00BB536A /* DepartureBoardServices.swift in Sources */,
				9E957476281F483100A43574 /* ServicesViewModel.swift in Sources */,
				9EE3045129B3D0E3000F20A7 /* LiveTramTimesIntent.intentdefinition in Sources */,
				9E7B1EA42814C3FA007FA699 /* ServicesRequest.swift in Sources */,
				9E4BBE462A264AE900469999 /* SimpleRouteV2.swift in Sources */,
				9E19908C2A0039DC0059C45D /* ProcessedJourneyData.swift in Sources */,
				9E4986A129EC7E2E00CBCC34 /* StopKeys.swift in Sources */,
				9E7B1E9B2814B668007FA699 /* FormattedServices.swift in Sources */,
				9E84E2CE2812AAA600571ECA /* Persistence.swift in Sources */,
				9EC2FB6528147BB500C08784 /* Stop.swift in Sources */,
				9E6B01A529B524AD0041A385 /* ServicesHelper.swift in Sources */,
				9E29363029B4B15000DF32CC /* SystemMediumView.swift in Sources */,
				9E4BBE4D2A265BB700469999 /* DefaultMapView.swift in Sources */,
				9E964B6129D8974F00BB536A /* LiveTramsMCRShortcuts.swift in Sources */,
				9E7B1EA12814B7D3007FA699 /* ServicesView.swift in Sources */,
				9EC2FB6E2814982B00C08784 /* StopRequest.swift in Sources */,
				9E0158A429FEF327009B6625 /* NonInterchangeJourneyView.swift in Sources */,
				9E2A946028F737B60096F7A9 /* Route.swift in Sources */,
				9E6B01A929B532690041A385 /* SystemLargeView.swift in Sources */,
				9EC2B19228F9A78600A810C5 /* JourneyPlannerRequest.swift in Sources */,
				9E0158A229FEF2EB009B6625 /* ServiceInformationView.swift in Sources */,
				9EE1934F2A080577008EB2ED /* JourneyPlanViewPad.swift in Sources */,
				9EE1934D2A080569008EB2ED /* JourneyPlanViewDefault.swift in Sources */,
				9EC2B18F28F9A1B900A810C5 /* PlannedJourney.swift in Sources */,
				9E0158A629FEF3EA009B6625 /* InterchangeJourneyView.swift in Sources */,
				9E84E2E12812AC6000571ECA /* Home.swift in Sources */,
				9EF27CC929F3E38900D194D6 /* MapView.swift in Sources */,
				9E4BBE4B2A264D3500469999 /* RouteV2Request.swift in Sources */,
				9E68BC5C29B13C6100DAA02D /* SystemSmallView.swift in Sources */,
				9EC2FB6B2814852E00C08784 /* StopDetail.swift in Sources */,
				9E3F2C0F2815609A00C863FF /* MapManager.swift in Sources */,
				9E964B5F29D896C000BB536A /* GetNextTramIntent.swift in Sources */,
				9E0158A829FEF680009B6625 /* RouteHelper.swift in Sources */,
				9E84E2C82812AAA600571ECA /* LiveTramsMCR.xcdatamodeld in Sources */,
				9EBC2B7D2822B70200CB5A86 /* FavouriteStopsStore.swift in Sources */,
				9E49869E29EC7E0900CBCC34 /* RouteV2.swift in Sources */,
			);
			runOnlyForDeploymentPostprocessing = 0;
		};
		9EE3043D29B3D072000F20A7 /* Sources */ = {
			isa = PBXSourcesBuildPhase;
			buildActionMask = 2147483647;
			files = (
				9EE3045029B3D0DE000F20A7 /* LiveTramTimesIntent.intentdefinition in Sources */,
				9E0D174E29BE3A1F003F76FA /* Tram.swift in Sources */,
				9E449E4F29BE31CA00C6ED79 /* ServicesRequest.swift in Sources */,
				9EE3044529B3D072000F20A7 /* IntentHandler.swift in Sources */,
				9E4986A429EC7EE700CBCC34 /* RouteV2.swift in Sources */,
				9EE3045329B3DDB3000F20A7 /* Stop.swift in Sources */,
				9E449E5B29BE363D00C6ED79 /* FormattedServices.swift in Sources */,
				9E4BBE492A264BD300469999 /* SimpleRouteV2.swift in Sources */,
				9E6BEDC329B3F3CD007DB4E8 /* StopRequest.swift in Sources */,
				9E964B6629D8A3E400BB536A /* DepartureBoardServices.swift in Sources */,
				9E4986A629EC827100CBCC34 /* StopKeys.swift in Sources */,
			);
			runOnlyForDeploymentPostprocessing = 0;
		};
/* End PBXSourcesBuildPhase section */

/* Begin PBXTargetDependency section */
		9E68BC5329B0FD2600DAA02D /* PBXTargetDependency */ = {
			isa = PBXTargetDependency;
			target = 9E68BC4629B0FD2500DAA02D /* LiveTramTimesWidgetExtension */;
			targetProxy = 9E68BC5229B0FD2600DAA02D /* PBXContainerItemProxy */;
		};
		9ED1013029AB9AF500B79B22 /* PBXTargetDependency */ = {
			isa = PBXTargetDependency;
			target = 9E208FF5299ECD3F008F9168 /* LiveTramsMCR Watch App */;
			targetProxy = 9ED1012F29AB9AF500B79B22 /* PBXContainerItemProxy */;
		};
		9EE3044829B3D072000F20A7 /* PBXTargetDependency */ = {
			isa = PBXTargetDependency;
			target = 9EE3044029B3D072000F20A7 /* LiveTramsIntentHandling */;
			targetProxy = 9EE3044729B3D072000F20A7 /* PBXContainerItemProxy */;
		};
/* End PBXTargetDependency section */

/* Begin XCBuildConfiguration section */
		9E209001299ECD43008F9168 /* Debug */ = {
			isa = XCBuildConfiguration;
			buildSettings = {
				ASSETCATALOG_COMPILER_APPICON_NAME = AppIcon;
				ASSETCATALOG_COMPILER_GLOBAL_ACCENT_COLOR_NAME = AccentColor;
				CLANG_CXX_LANGUAGE_STANDARD = "gnu++20";
				CODE_SIGN_IDENTITY = "Apple Development";
				CODE_SIGN_STYLE = Automatic;
				CURRENT_PROJECT_VERSION = 44;
				DEVELOPMENT_ASSET_PATHS = "\"LiveTramsMCR Watch App/Preview Content\"";
				DEVELOPMENT_TEAM = M43HD7XS8H;
				ENABLE_PREVIEWS = YES;
				GENERATE_INFOPLIST_FILE = YES;
				INFOPLIST_FILE = "LiveTramsMCR-Watch-App-Info.plist";
				INFOPLIST_KEY_CFBundleDisplayName = LiveTramsMCR;
				INFOPLIST_KEY_UISupportedInterfaceOrientations = "UIInterfaceOrientationPortrait UIInterfaceOrientationPortraitUpsideDown";
				INFOPLIST_KEY_WKCompanionAppBundleIdentifier = com.dccompsci.LiveTramsMCR;
				INFOPLIST_KEY_WKRunsIndependentlyOfCompanionApp = YES;
				LD_RUNPATH_SEARCH_PATHS = (
					"$(inherited)",
					"@executable_path/Frameworks",
				);
				MARKETING_VERSION = 1.4;
				PRODUCT_BUNDLE_IDENTIFIER = com.dccompsci.LiveTramsMCR.watchkitapp;
				PRODUCT_NAME = "$(TARGET_NAME)";
				PROVISIONING_PROFILE_SPECIFIER = "";
				SDKROOT = watchos;
				SKIP_INSTALL = YES;
				SWIFT_EMIT_LOC_STRINGS = YES;
				SWIFT_VERSION = 5.0;
				TARGETED_DEVICE_FAMILY = 4;
				WATCHOS_DEPLOYMENT_TARGET = 9.1;
			};
			name = Debug;
		};
		9E209002299ECD43008F9168 /* Release */ = {
			isa = XCBuildConfiguration;
			buildSettings = {
				ASSETCATALOG_COMPILER_APPICON_NAME = AppIcon;
				ASSETCATALOG_COMPILER_GLOBAL_ACCENT_COLOR_NAME = AccentColor;
				CLANG_CXX_LANGUAGE_STANDARD = "gnu++20";
				CODE_SIGN_IDENTITY = "Apple Development";
				CODE_SIGN_STYLE = Automatic;
				CURRENT_PROJECT_VERSION = 44;
				DEVELOPMENT_ASSET_PATHS = "\"LiveTramsMCR Watch App/Preview Content\"";
				DEVELOPMENT_TEAM = M43HD7XS8H;
				ENABLE_PREVIEWS = YES;
				GENERATE_INFOPLIST_FILE = YES;
				INFOPLIST_FILE = "LiveTramsMCR-Watch-App-Info.plist";
				INFOPLIST_KEY_CFBundleDisplayName = LiveTramsMCR;
				INFOPLIST_KEY_UISupportedInterfaceOrientations = "UIInterfaceOrientationPortrait UIInterfaceOrientationPortraitUpsideDown";
				INFOPLIST_KEY_WKCompanionAppBundleIdentifier = com.dccompsci.LiveTramsMCR;
				INFOPLIST_KEY_WKRunsIndependentlyOfCompanionApp = YES;
				LD_RUNPATH_SEARCH_PATHS = (
					"$(inherited)",
					"@executable_path/Frameworks",
				);
				MARKETING_VERSION = 1.4;
				PRODUCT_BUNDLE_IDENTIFIER = com.dccompsci.LiveTramsMCR.watchkitapp;
				PRODUCT_NAME = "$(TARGET_NAME)";
				PROVISIONING_PROFILE_SPECIFIER = "";
				SDKROOT = watchos;
				SKIP_INSTALL = YES;
				SWIFT_EMIT_LOC_STRINGS = YES;
				SWIFT_VERSION = 5.0;
				TARGETED_DEVICE_FAMILY = 4;
				VALIDATE_PRODUCT = YES;
				WATCHOS_DEPLOYMENT_TARGET = 9.1;
			};
			name = Release;
		};
		9E68BC5629B0FD2600DAA02D /* Debug */ = {
			isa = XCBuildConfiguration;
			buildSettings = {
				ASSETCATALOG_COMPILER_GLOBAL_ACCENT_COLOR_NAME = AccentColor;
				ASSETCATALOG_COMPILER_WIDGET_BACKGROUND_COLOR_NAME = WidgetBackground;
				CLANG_CXX_LANGUAGE_STANDARD = "gnu++20";
				CODE_SIGN_STYLE = Automatic;
				CURRENT_PROJECT_VERSION = 44;
				DEVELOPMENT_TEAM = M43HD7XS8H;
				GENERATE_INFOPLIST_FILE = YES;
				INFOPLIST_FILE = LiveTramTimesWidget/Info.plist;
				INFOPLIST_KEY_CFBundleDisplayName = LiveTramTimesWidget;
				INFOPLIST_KEY_NSHumanReadableCopyright = "";
				IPHONEOS_DEPLOYMENT_TARGET = 16.0;
				LD_RUNPATH_SEARCH_PATHS = (
					"$(inherited)",
					"@executable_path/Frameworks",
					"@executable_path/../../Frameworks",
				);
				MARKETING_VERSION = 1.4;
				PRODUCT_BUNDLE_IDENTIFIER = com.dccompsci.LiveTramsMCR.LiveTramTimesWidget;
				PRODUCT_NAME = "$(TARGET_NAME)";
				SDKROOT = iphoneos;
				SKIP_INSTALL = YES;
				SWIFT_EMIT_LOC_STRINGS = YES;
				SWIFT_VERSION = 5.0;
				TARGETED_DEVICE_FAMILY = "1,2";
			};
			name = Debug;
		};
		9E68BC5729B0FD2600DAA02D /* Release */ = {
			isa = XCBuildConfiguration;
			buildSettings = {
				ASSETCATALOG_COMPILER_GLOBAL_ACCENT_COLOR_NAME = AccentColor;
				ASSETCATALOG_COMPILER_WIDGET_BACKGROUND_COLOR_NAME = WidgetBackground;
				CLANG_CXX_LANGUAGE_STANDARD = "gnu++20";
				CODE_SIGN_STYLE = Automatic;
				CURRENT_PROJECT_VERSION = 44;
				DEVELOPMENT_TEAM = M43HD7XS8H;
				GENERATE_INFOPLIST_FILE = YES;
				INFOPLIST_FILE = LiveTramTimesWidget/Info.plist;
				INFOPLIST_KEY_CFBundleDisplayName = LiveTramTimesWidget;
				INFOPLIST_KEY_NSHumanReadableCopyright = "";
				IPHONEOS_DEPLOYMENT_TARGET = 16.0;
				LD_RUNPATH_SEARCH_PATHS = (
					"$(inherited)",
					"@executable_path/Frameworks",
					"@executable_path/../../Frameworks",
				);
				MARKETING_VERSION = 1.4;
				PRODUCT_BUNDLE_IDENTIFIER = com.dccompsci.LiveTramsMCR.LiveTramTimesWidget;
				PRODUCT_NAME = "$(TARGET_NAME)";
				SDKROOT = iphoneos;
				SKIP_INSTALL = YES;
				SWIFT_EMIT_LOC_STRINGS = YES;
				SWIFT_VERSION = 5.0;
				TARGETED_DEVICE_FAMILY = "1,2";
				VALIDATE_PRODUCT = YES;
			};
			name = Release;
		};
		9E84E2D22812AAA600571ECA /* Debug */ = {
			isa = XCBuildConfiguration;
			buildSettings = {
				ALWAYS_SEARCH_USER_PATHS = NO;
				CLANG_ANALYZER_NONNULL = YES;
				CLANG_ANALYZER_NUMBER_OBJECT_CONVERSION = YES_AGGRESSIVE;
				CLANG_CXX_LANGUAGE_STANDARD = "gnu++17";
				CLANG_CXX_LIBRARY = "libc++";
				CLANG_ENABLE_MODULES = YES;
				CLANG_ENABLE_OBJC_ARC = YES;
				CLANG_ENABLE_OBJC_WEAK = YES;
				CLANG_WARN_BLOCK_CAPTURE_AUTORELEASING = YES;
				CLANG_WARN_BOOL_CONVERSION = YES;
				CLANG_WARN_COMMA = YES;
				CLANG_WARN_CONSTANT_CONVERSION = YES;
				CLANG_WARN_DEPRECATED_OBJC_IMPLEMENTATIONS = YES;
				CLANG_WARN_DIRECT_OBJC_ISA_USAGE = YES_ERROR;
				CLANG_WARN_DOCUMENTATION_COMMENTS = YES;
				CLANG_WARN_EMPTY_BODY = YES;
				CLANG_WARN_ENUM_CONVERSION = YES;
				CLANG_WARN_INFINITE_RECURSION = YES;
				CLANG_WARN_INT_CONVERSION = YES;
				CLANG_WARN_NON_LITERAL_NULL_CONVERSION = YES;
				CLANG_WARN_OBJC_IMPLICIT_RETAIN_SELF = YES;
				CLANG_WARN_OBJC_LITERAL_CONVERSION = YES;
				CLANG_WARN_OBJC_ROOT_CLASS = YES_ERROR;
				CLANG_WARN_QUOTED_INCLUDE_IN_FRAMEWORK_HEADER = YES;
				CLANG_WARN_RANGE_LOOP_ANALYSIS = YES;
				CLANG_WARN_STRICT_PROTOTYPES = YES;
				CLANG_WARN_SUSPICIOUS_MOVE = YES;
				CLANG_WARN_UNGUARDED_AVAILABILITY = YES_AGGRESSIVE;
				CLANG_WARN_UNREACHABLE_CODE = YES;
				CLANG_WARN__DUPLICATE_METHOD_MATCH = YES;
				COPY_PHASE_STRIP = NO;
				DEAD_CODE_STRIPPING = YES;
				DEBUG_INFORMATION_FORMAT = dwarf;
				ENABLE_STRICT_OBJC_MSGSEND = YES;
				ENABLE_TESTABILITY = YES;
				GCC_C_LANGUAGE_STANDARD = gnu11;
				GCC_DYNAMIC_NO_PIC = NO;
				GCC_NO_COMMON_BLOCKS = YES;
				GCC_OPTIMIZATION_LEVEL = 0;
				GCC_PREPROCESSOR_DEFINITIONS = (
					"DEBUG=1",
					"$(inherited)",
				);
				GCC_WARN_64_TO_32_BIT_CONVERSION = YES;
				GCC_WARN_ABOUT_RETURN_TYPE = YES_ERROR;
				GCC_WARN_UNDECLARED_SELECTOR = YES;
				GCC_WARN_UNINITIALIZED_AUTOS = YES_AGGRESSIVE;
				GCC_WARN_UNUSED_FUNCTION = YES;
				GCC_WARN_UNUSED_VARIABLE = YES;
				MTL_ENABLE_DEBUG_INFO = INCLUDE_SOURCE;
				MTL_FAST_MATH = YES;
				ONLY_ACTIVE_ARCH = YES;
				SWIFT_ACTIVE_COMPILATION_CONDITIONS = DEBUG;
				SWIFT_OPTIMIZATION_LEVEL = "-Onone";
			};
			name = Debug;
		};
		9E84E2D32812AAA600571ECA /* Release */ = {
			isa = XCBuildConfiguration;
			buildSettings = {
				ALWAYS_SEARCH_USER_PATHS = NO;
				CLANG_ANALYZER_NONNULL = YES;
				CLANG_ANALYZER_NUMBER_OBJECT_CONVERSION = YES_AGGRESSIVE;
				CLANG_CXX_LANGUAGE_STANDARD = "gnu++17";
				CLANG_CXX_LIBRARY = "libc++";
				CLANG_ENABLE_MODULES = YES;
				CLANG_ENABLE_OBJC_ARC = YES;
				CLANG_ENABLE_OBJC_WEAK = YES;
				CLANG_WARN_BLOCK_CAPTURE_AUTORELEASING = YES;
				CLANG_WARN_BOOL_CONVERSION = YES;
				CLANG_WARN_COMMA = YES;
				CLANG_WARN_CONSTANT_CONVERSION = YES;
				CLANG_WARN_DEPRECATED_OBJC_IMPLEMENTATIONS = YES;
				CLANG_WARN_DIRECT_OBJC_ISA_USAGE = YES_ERROR;
				CLANG_WARN_DOCUMENTATION_COMMENTS = YES;
				CLANG_WARN_EMPTY_BODY = YES;
				CLANG_WARN_ENUM_CONVERSION = YES;
				CLANG_WARN_INFINITE_RECURSION = YES;
				CLANG_WARN_INT_CONVERSION = YES;
				CLANG_WARN_NON_LITERAL_NULL_CONVERSION = YES;
				CLANG_WARN_OBJC_IMPLICIT_RETAIN_SELF = YES;
				CLANG_WARN_OBJC_LITERAL_CONVERSION = YES;
				CLANG_WARN_OBJC_ROOT_CLASS = YES_ERROR;
				CLANG_WARN_QUOTED_INCLUDE_IN_FRAMEWORK_HEADER = YES;
				CLANG_WARN_RANGE_LOOP_ANALYSIS = YES;
				CLANG_WARN_STRICT_PROTOTYPES = YES;
				CLANG_WARN_SUSPICIOUS_MOVE = YES;
				CLANG_WARN_UNGUARDED_AVAILABILITY = YES_AGGRESSIVE;
				CLANG_WARN_UNREACHABLE_CODE = YES;
				CLANG_WARN__DUPLICATE_METHOD_MATCH = YES;
				COPY_PHASE_STRIP = NO;
				DEAD_CODE_STRIPPING = YES;
				DEBUG_INFORMATION_FORMAT = "dwarf-with-dsym";
				ENABLE_NS_ASSERTIONS = NO;
				ENABLE_STRICT_OBJC_MSGSEND = YES;
				GCC_C_LANGUAGE_STANDARD = gnu11;
				GCC_NO_COMMON_BLOCKS = YES;
				GCC_WARN_64_TO_32_BIT_CONVERSION = YES;
				GCC_WARN_ABOUT_RETURN_TYPE = YES_ERROR;
				GCC_WARN_UNDECLARED_SELECTOR = YES;
				GCC_WARN_UNINITIALIZED_AUTOS = YES_AGGRESSIVE;
				GCC_WARN_UNUSED_FUNCTION = YES;
				GCC_WARN_UNUSED_VARIABLE = YES;
				MTL_ENABLE_DEBUG_INFO = NO;
				MTL_FAST_MATH = YES;
				SWIFT_COMPILATION_MODE = wholemodule;
				SWIFT_OPTIMIZATION_LEVEL = "-O";
			};
			name = Release;
		};
		9E84E2D52812AAA600571ECA /* Debug */ = {
			isa = XCBuildConfiguration;
			buildSettings = {
				ALWAYS_EMBED_SWIFT_STANDARD_LIBRARIES = YES;
				ASSETCATALOG_COMPILER_APPICON_NAME = AppIcon;
				ASSETCATALOG_COMPILER_GLOBAL_ACCENT_COLOR_NAME = AccentColor;
				CODE_SIGN_STYLE = Automatic;
				CURRENT_PROJECT_VERSION = 44;
				DEVELOPMENT_TEAM = M43HD7XS8H;
				ENABLE_PREVIEWS = YES;
				GENERATE_INFOPLIST_FILE = YES;
				INFOPLIST_FILE = "LiveTramsMCR--iOS--Info.plist";
				INFOPLIST_KEY_CFBundleDisplayName = LiveTramsMCR;
				INFOPLIST_KEY_LSApplicationCategoryType = "public.app-category.navigation";
				INFOPLIST_KEY_UIApplicationSceneManifest_Generation = YES;
				INFOPLIST_KEY_UIApplicationSupportsIndirectInputEvents = YES;
				INFOPLIST_KEY_UILaunchScreen_Generation = YES;
				INFOPLIST_KEY_UIStatusBarStyle = "";
				INFOPLIST_KEY_UISupportedInterfaceOrientations = UIInterfaceOrientationPortrait;
				INFOPLIST_KEY_UISupportedInterfaceOrientations_iPad = "UIInterfaceOrientationLandscapeLeft UIInterfaceOrientationLandscapeRight UIInterfaceOrientationPortrait UIInterfaceOrientationPortraitUpsideDown";
				INFOPLIST_KEY_WKCompanionAppBundleIdentifier = com.dccompsci.LiveTramsMCR.watchkitapp;
				IPHONEOS_DEPLOYMENT_TARGET = 16.4;
				LD_RUNPATH_SEARCH_PATHS = (
					"$(inherited)",
					"@executable_path/Frameworks",
				);
				MARKETING_VERSION = 1.4;
				PRODUCT_BUNDLE_IDENTIFIER = com.dccompsci.LiveTramsMCR;
				PRODUCT_NAME = LiveTramsMCR;
				SDKROOT = iphoneos;
				SUPPORTED_PLATFORMS = "iphoneos iphonesimulator";
				SUPPORTS_MACCATALYST = NO;
				SUPPORTS_MAC_DESIGNED_FOR_IPHONE_IPAD = NO;
				SWIFT_EMIT_LOC_STRINGS = YES;
				SWIFT_VERSION = 5.0;
				TARGETED_DEVICE_FAMILY = "1,2";
			};
			name = Debug;
		};
		9E84E2D62812AAA600571ECA /* Release */ = {
			isa = XCBuildConfiguration;
			buildSettings = {
				ALWAYS_EMBED_SWIFT_STANDARD_LIBRARIES = YES;
				ASSETCATALOG_COMPILER_APPICON_NAME = AppIcon;
				ASSETCATALOG_COMPILER_GLOBAL_ACCENT_COLOR_NAME = AccentColor;
				CODE_SIGN_STYLE = Automatic;
				CURRENT_PROJECT_VERSION = 44;
				DEVELOPMENT_TEAM = M43HD7XS8H;
				ENABLE_PREVIEWS = YES;
				GENERATE_INFOPLIST_FILE = YES;
				INFOPLIST_FILE = "LiveTramsMCR--iOS--Info.plist";
				INFOPLIST_KEY_CFBundleDisplayName = LiveTramsMCR;
				INFOPLIST_KEY_LSApplicationCategoryType = "public.app-category.navigation";
				INFOPLIST_KEY_UIApplicationSceneManifest_Generation = YES;
				INFOPLIST_KEY_UIApplicationSupportsIndirectInputEvents = YES;
				INFOPLIST_KEY_UILaunchScreen_Generation = YES;
				INFOPLIST_KEY_UIStatusBarStyle = "";
				INFOPLIST_KEY_UISupportedInterfaceOrientations = UIInterfaceOrientationPortrait;
				INFOPLIST_KEY_UISupportedInterfaceOrientations_iPad = "UIInterfaceOrientationLandscapeLeft UIInterfaceOrientationLandscapeRight UIInterfaceOrientationPortrait UIInterfaceOrientationPortraitUpsideDown";
				INFOPLIST_KEY_WKCompanionAppBundleIdentifier = com.dccompsci.LiveTramsMCR.watchkitapp;
				IPHONEOS_DEPLOYMENT_TARGET = 16.4;
				LD_RUNPATH_SEARCH_PATHS = (
					"$(inherited)",
					"@executable_path/Frameworks",
				);
				MARKETING_VERSION = 1.4;
				PRODUCT_BUNDLE_IDENTIFIER = com.dccompsci.LiveTramsMCR;
				PRODUCT_NAME = LiveTramsMCR;
				SDKROOT = iphoneos;
				SUPPORTED_PLATFORMS = "iphoneos iphonesimulator";
				SUPPORTS_MACCATALYST = NO;
				SUPPORTS_MAC_DESIGNED_FOR_IPHONE_IPAD = NO;
				SWIFT_EMIT_LOC_STRINGS = YES;
				SWIFT_VERSION = 5.0;
				TARGETED_DEVICE_FAMILY = "1,2";
				VALIDATE_PRODUCT = YES;
			};
			name = Release;
		};
		9EE3044B29B3D072000F20A7 /* Debug */ = {
			isa = XCBuildConfiguration;
			buildSettings = {
				CLANG_CXX_LANGUAGE_STANDARD = "gnu++20";
				CODE_SIGN_STYLE = Automatic;
				CURRENT_PROJECT_VERSION = 44;
				DEVELOPMENT_TEAM = M43HD7XS8H;
				GENERATE_INFOPLIST_FILE = YES;
				INFOPLIST_FILE = LiveTramsIntentHandling/Info.plist;
				INFOPLIST_KEY_CFBundleDisplayName = LiveTramsIntentHandling;
				INFOPLIST_KEY_NSHumanReadableCopyright = "";
				IPHONEOS_DEPLOYMENT_TARGET = 16.0;
				LD_RUNPATH_SEARCH_PATHS = (
					"$(inherited)",
					"@executable_path/Frameworks",
					"@executable_path/../../Frameworks",
				);
				MARKETING_VERSION = 1.4;
				PRODUCT_BUNDLE_IDENTIFIER = com.dccompsci.LiveTramsMCR.LiveTramsIntentHandling;
				PRODUCT_NAME = "$(TARGET_NAME)";
				SDKROOT = iphoneos;
				SKIP_INSTALL = YES;
				SWIFT_EMIT_LOC_STRINGS = YES;
				SWIFT_VERSION = 5.0;
				TARGETED_DEVICE_FAMILY = "1,2";
			};
			name = Debug;
		};
		9EE3044C29B3D072000F20A7 /* Release */ = {
			isa = XCBuildConfiguration;
			buildSettings = {
				CLANG_CXX_LANGUAGE_STANDARD = "gnu++20";
				CODE_SIGN_STYLE = Automatic;
				CURRENT_PROJECT_VERSION = 44;
				DEVELOPMENT_TEAM = M43HD7XS8H;
				GENERATE_INFOPLIST_FILE = YES;
				INFOPLIST_FILE = LiveTramsIntentHandling/Info.plist;
				INFOPLIST_KEY_CFBundleDisplayName = LiveTramsIntentHandling;
				INFOPLIST_KEY_NSHumanReadableCopyright = "";
				IPHONEOS_DEPLOYMENT_TARGET = 16.0;
				LD_RUNPATH_SEARCH_PATHS = (
					"$(inherited)",
					"@executable_path/Frameworks",
					"@executable_path/../../Frameworks",
				);
				MARKETING_VERSION = 1.4;
				PRODUCT_BUNDLE_IDENTIFIER = com.dccompsci.LiveTramsMCR.LiveTramsIntentHandling;
				PRODUCT_NAME = "$(TARGET_NAME)";
				SDKROOT = iphoneos;
				SKIP_INSTALL = YES;
				SWIFT_EMIT_LOC_STRINGS = YES;
				SWIFT_VERSION = 5.0;
				TARGETED_DEVICE_FAMILY = "1,2";
				VALIDATE_PRODUCT = YES;
			};
			name = Release;
		};
/* End XCBuildConfiguration section */

/* Begin XCConfigurationList section */
		9E209003299ECD43008F9168 /* Build configuration list for PBXNativeTarget "LiveTramsMCR Watch App" */ = {
			isa = XCConfigurationList;
			buildConfigurations = (
				9E209001299ECD43008F9168 /* Debug */,
				9E209002299ECD43008F9168 /* Release */,
			);
			defaultConfigurationIsVisible = 0;
			defaultConfigurationName = Release;
		};
		9E68BC5529B0FD2600DAA02D /* Build configuration list for PBXNativeTarget "LiveTramTimesWidgetExtension" */ = {
			isa = XCConfigurationList;
			buildConfigurations = (
				9E68BC5629B0FD2600DAA02D /* Debug */,
				9E68BC5729B0FD2600DAA02D /* Release */,
			);
			defaultConfigurationIsVisible = 0;
			defaultConfigurationName = Release;
		};
		9E84E29B2812AAA400571ECA /* Build configuration list for PBXProject "LiveTramsMCR" */ = {
			isa = XCConfigurationList;
			buildConfigurations = (
				9E84E2D22812AAA600571ECA /* Debug */,
				9E84E2D32812AAA600571ECA /* Release */,
			);
			defaultConfigurationIsVisible = 0;
			defaultConfigurationName = Release;
		};
		9E84E2D42812AAA600571ECA /* Build configuration list for PBXNativeTarget "LiveTramsMCR (iOS)" */ = {
			isa = XCConfigurationList;
			buildConfigurations = (
				9E84E2D52812AAA600571ECA /* Debug */,
				9E84E2D62812AAA600571ECA /* Release */,
			);
			defaultConfigurationIsVisible = 0;
			defaultConfigurationName = Release;
		};
		9EE3044A29B3D072000F20A7 /* Build configuration list for PBXNativeTarget "LiveTramsIntentHandling" */ = {
			isa = XCConfigurationList;
			buildConfigurations = (
				9EE3044B29B3D072000F20A7 /* Debug */,
				9EE3044C29B3D072000F20A7 /* Release */,
			);
			defaultConfigurationIsVisible = 0;
			defaultConfigurationName = Release;
		};
/* End XCConfigurationList section */

/* Begin XCRemoteSwiftPackageReference section */
		9E6B019B29B507830041A385 /* XCRemoteSwiftPackageReference "swift-collections" */ = {
			isa = XCRemoteSwiftPackageReference;
			repositoryURL = "https://github.com/apple/swift-collections.git";
			requirement = {
				kind = upToNextMajorVersion;
				minimumVersion = 1.0.0;
			};
		};
/* End XCRemoteSwiftPackageReference section */

/* Begin XCSwiftPackageProductDependency section */
		9E6B019C29B507830041A385 /* OrderedCollections */ = {
			isa = XCSwiftPackageProductDependency;
			package = 9E6B019B29B507830041A385 /* XCRemoteSwiftPackageReference "swift-collections" */;
			productName = OrderedCollections;
		};
		9E6B019E29B508220041A385 /* OrderedCollections */ = {
			isa = XCSwiftPackageProductDependency;
			package = 9E6B019B29B507830041A385 /* XCRemoteSwiftPackageReference "swift-collections" */;
			productName = OrderedCollections;
		};
		9E6B01A029B508290041A385 /* OrderedCollections */ = {
			isa = XCSwiftPackageProductDependency;
			package = 9E6B019B29B507830041A385 /* XCRemoteSwiftPackageReference "swift-collections" */;
			productName = OrderedCollections;
		};
		9E6B01A229B5082E0041A385 /* OrderedCollections */ = {
			isa = XCSwiftPackageProductDependency;
			package = 9E6B019B29B507830041A385 /* XCRemoteSwiftPackageReference "swift-collections" */;
			productName = OrderedCollections;
		};
/* End XCSwiftPackageProductDependency section */

/* Begin XCVersionGroup section */
		9E84E29D2812AAA400571ECA /* LiveTramsMCR.xcdatamodeld */ = {
			isa = XCVersionGroup;
			children = (
				9E84E29E2812AAA400571ECA /* Shared.xcdatamodel */,
			);
			currentVersion = 9E84E29E2812AAA400571ECA /* Shared.xcdatamodel */;
			path = LiveTramsMCR.xcdatamodeld;
			sourceTree = "<group>";
			versionGroupType = wrapper.xcdatamodel;
		};
/* End XCVersionGroup section */
	};
	rootObject = 9E84E2982812AAA400571ECA /* Project object */;
}
